
Microsoft Visual Studio Solution File, Format Version 12.00
# Visual Studio Version 17
VisualStudioVersion = 17.9.34902.65
MinimumVisualStudioVersion = 10.0.40219.1
Project("{FAE04EC0-301F-11D3-BF4B-00C04F79EFBC}") = "BIA-Impedance Meter", "BIA-Impedance Meter.csproj", "{08FD2A4B-12BF-46A5-AB53-9153D755E67F}"
EndProject
Global
	GlobalSection(SolutionConfigurationPlatforms) = preSolution
		Debug|Any CPU = Debug|Any CPU
		Release|Any CPU = Release|Any CPU
	EndGlobalSection
	GlobalSection(ProjectConfigurationPlatforms) = postSolution
		{08FD2A4B-12BF-46A5-AB53-9153D755E67F}.Debug|Any CPU.ActiveCfg = Debug|Any CPU
		{08FD2A4B-12BF-46A5-AB53-9153D755E67F}.Debug|Any CPU.Build.0 = Debug|Any CPU
		{08FD2A4B-12BF-46A5-AB53-9153D755E67F}.Release|Any CPU.ActiveCfg = Release|Any CPU
		{08FD2A4B-12BF-46A5-AB53-9153D755E67F}.Release|Any CPU.Build.0 = Release|Any CPU
	EndGlobalSection
	GlobalSection(SolutionProperties) = preSolution
		HideSolutionNode = FALSE
	EndGlobalSection
	GlobalSection(ExtensibilityGlobals) = postSolution
		SolutionGuid = {7E3F3716-E5CC-4754-9A4E-F2361F394C26}
	EndGlobalSection
EndGlobal
